
Microsoft Visual Studio Solution File, Format Version 12.00
# Visual Studio 15
VisualStudioVersion = 15.0.27428.2037
MinimumVisualStudioVersion = 10.0.40219.1
Project("{2150E333-8FDC-42A3-9474-1A3956D46DE8}") = "Solution", "Solution", "{BC51135C-6045-44DB-A69E-841A377660BB}"
EndProject
Project("{2150E333-8FDC-42A3-9474-1A3956D46DE8}") = "Documentation", "Documentation", "{DA8773E9-B751-4D21-BBB2-D36F2A6DA165}"
EndProject
Project("{2150E333-8FDC-42A3-9474-1A3956D46DE8}") = "FoodProviders", "FoodProviders", "{21430A25-7E83-448D-BFED-7103AE7C3AD6}"
EndProject
Project("{FAE04EC0-301F-11D3-BF4B-00C04F79EFBC}") = "API.Ola", "FoodProviders\API.Ola\API.Ola.csproj", "{BE83630A-D22E-44D5-BFC9-8F5FDE1C964E}"
EndProject
Project("{FAE04EC0-301F-11D3-BF4B-00C04F79EFBC}") = "API.A2b", "FoodProviders\API.A2b\API.A2b.csproj", "{E72437B8-4EC8-4B2F-B04A-CD6D751828A8}"
EndProject
Project("{2150E333-8FDC-42A3-9474-1A3956D46DE8}") = "ATS.Application", "ATS.Application", "{A4A73F29-0ECB-47D1-BD50-B9EF320C70CD}"
EndProject
Project("{FAE04EC0-301F-11D3-BF4B-00C04F79EFBC}") = "ATS.Web", "ATS.Application\ATS.Web\ATS.Web.csproj", "{88484066-2814-416B-BAD1-E8A404457BE5}"
EndProject
Project("{FAE04EC0-301F-11D3-BF4B-00C04F79EFBC}") = "ATS.Business", "ATS.Application\ATS.Business\ATS.Business.csproj", "{A20F9639-A53C-4574-AF82-0DF4D99E53F7}"
EndProject
Project("{2150E333-8FDC-42A3-9474-1A3956D46DE8}") = "Airlines", "Airlines", "{E303F7F9-C75E-4064-B341-5C1BB3E87DD3}"
EndProject
Project("{FAE04EC0-301F-11D3-BF4B-00C04F79EFBC}") = "API.GoAir", "Airlines\API.GoAir\API.GoAir.csproj", "{1CAF6BA7-96CE-4A79-B55D-CB532C041A96}"
EndProject
Project("{FAE04EC0-301F-11D3-BF4B-00C04F79EFBC}") = "API.JetAir", "Airlines\API.JetAir\API.JetAir.csproj", "{EF6F13DB-14C5-4C48-AEA1-3118FC1BC62C}"
EndProject
Project("{9A19103F-16F7-4668-BE54-9A1E7A4F7556}") = "ATS.Models", "ATS.Application\ATS.Models\ATS.Models.csproj", "{676F177E-605F-4952-B440-8205F1AED7FE}"
EndProject
Project("{9A19103F-16F7-4668-BE54-9A1E7A4F7556}") = "ATS.DataAccess", "ATS.Application\ATS.DataAccess\ATS.DataAccess.csproj", "{B64F1FE6-9411-42F1-8175-5E5FE3752DC4}"
EndProject
Global
	GlobalSection(SolutionConfigurationPlatforms) = preSolution
		Debug|Any CPU = Debug|Any CPU
		Release|Any CPU = Release|Any CPU
	EndGlobalSection
	GlobalSection(ProjectConfigurationPlatforms) = postSolution
		{BE83630A-D22E-44D5-BFC9-8F5FDE1C964E}.Debug|Any CPU.ActiveCfg = Debug|Any CPU
		{BE83630A-D22E-44D5-BFC9-8F5FDE1C964E}.Debug|Any CPU.Build.0 = Debug|Any CPU
		{BE83630A-D22E-44D5-BFC9-8F5FDE1C964E}.Release|Any CPU.ActiveCfg = Release|Any CPU
		{BE83630A-D22E-44D5-BFC9-8F5FDE1C964E}.Release|Any CPU.Build.0 = Release|Any CPU
		{E72437B8-4EC8-4B2F-B04A-CD6D751828A8}.Debug|Any CPU.ActiveCfg = Debug|Any CPU
		{E72437B8-4EC8-4B2F-B04A-CD6D751828A8}.Debug|Any CPU.Build.0 = Debug|Any CPU
		{E72437B8-4EC8-4B2F-B04A-CD6D751828A8}.Release|Any CPU.ActiveCfg = Release|Any CPU
		{E72437B8-4EC8-4B2F-B04A-CD6D751828A8}.Release|Any CPU.Build.0 = Release|Any CPU
		{88484066-2814-416B-BAD1-E8A404457BE5}.Debug|Any CPU.ActiveCfg = Debug|Any CPU
		{88484066-2814-416B-BAD1-E8A404457BE5}.Debug|Any CPU.Build.0 = Debug|Any CPU
		{88484066-2814-416B-BAD1-E8A404457BE5}.Release|Any CPU.ActiveCfg = Release|Any CPU
		{88484066-2814-416B-BAD1-E8A404457BE5}.Release|Any CPU.Build.0 = Release|Any CPU
		{A20F9639-A53C-4574-AF82-0DF4D99E53F7}.Debug|Any CPU.ActiveCfg = Debug|Any CPU
		{A20F9639-A53C-4574-AF82-0DF4D99E53F7}.Debug|Any CPU.Build.0 = Debug|Any CPU
		{A20F9639-A53C-4574-AF82-0DF4D99E53F7}.Release|Any CPU.ActiveCfg = Release|Any CPU
		{A20F9639-A53C-4574-AF82-0DF4D99E53F7}.Release|Any CPU.Build.0 = Release|Any CPU
		{1CAF6BA7-96CE-4A79-B55D-CB532C041A96}.Debug|Any CPU.ActiveCfg = Debug|Any CPU
		{1CAF6BA7-96CE-4A79-B55D-CB532C041A96}.Debug|Any CPU.Build.0 = Debug|Any CPU
		{1CAF6BA7-96CE-4A79-B55D-CB532C041A96}.Release|Any CPU.ActiveCfg = Release|Any CPU
		{1CAF6BA7-96CE-4A79-B55D-CB532C041A96}.Release|Any CPU.Build.0 = Release|Any CPU
		{EF6F13DB-14C5-4C48-AEA1-3118FC1BC62C}.Debug|Any CPU.ActiveCfg = Debug|Any CPU
		{EF6F13DB-14C5-4C48-AEA1-3118FC1BC62C}.Debug|Any CPU.Build.0 = Debug|Any CPU
		{EF6F13DB-14C5-4C48-AEA1-3118FC1BC62C}.Release|Any CPU.ActiveCfg = Release|Any CPU
		{EF6F13DB-14C5-4C48-AEA1-3118FC1BC62C}.Release|Any CPU.Build.0 = Release|Any CPU
		{676F177E-605F-4952-B440-8205F1AED7FE}.Debug|Any CPU.ActiveCfg = Debug|Any CPU
		{676F177E-605F-4952-B440-8205F1AED7FE}.Debug|Any CPU.Build.0 = Debug|Any CPU
		{676F177E-605F-4952-B440-8205F1AED7FE}.Release|Any CPU.ActiveCfg = Release|Any CPU
		{676F177E-605F-4952-B440-8205F1AED7FE}.Release|Any CPU.Build.0 = Release|Any CPU
		{B64F1FE6-9411-42F1-8175-5E5FE3752DC4}.Debug|Any CPU.ActiveCfg = Debug|Any CPU
		{B64F1FE6-9411-42F1-8175-5E5FE3752DC4}.Debug|Any CPU.Build.0 = Debug|Any CPU
		{B64F1FE6-9411-42F1-8175-5E5FE3752DC4}.Release|Any CPU.ActiveCfg = Release|Any CPU
		{B64F1FE6-9411-42F1-8175-5E5FE3752DC4}.Release|Any CPU.Build.0 = Release|Any CPU
	EndGlobalSection
	GlobalSection(SolutionProperties) = preSolution
		HideSolutionNode = FALSE
	EndGlobalSection
	GlobalSection(NestedProjects) = preSolution
		{21430A25-7E83-448D-BFED-7103AE7C3AD6} = {BC51135C-6045-44DB-A69E-841A377660BB}
		{BE83630A-D22E-44D5-BFC9-8F5FDE1C964E} = {21430A25-7E83-448D-BFED-7103AE7C3AD6}
		{E72437B8-4EC8-4B2F-B04A-CD6D751828A8} = {21430A25-7E83-448D-BFED-7103AE7C3AD6}
		{A4A73F29-0ECB-47D1-BD50-B9EF320C70CD} = {BC51135C-6045-44DB-A69E-841A377660BB}
		{88484066-2814-416B-BAD1-E8A404457BE5} = {A4A73F29-0ECB-47D1-BD50-B9EF320C70CD}
		{A20F9639-A53C-4574-AF82-0DF4D99E53F7} = {A4A73F29-0ECB-47D1-BD50-B9EF320C70CD}
		{E303F7F9-C75E-4064-B341-5C1BB3E87DD3} = {BC51135C-6045-44DB-A69E-841A377660BB}
		{1CAF6BA7-96CE-4A79-B55D-CB532C041A96} = {E303F7F9-C75E-4064-B341-5C1BB3E87DD3}
		{EF6F13DB-14C5-4C48-AEA1-3118FC1BC62C} = {E303F7F9-C75E-4064-B341-5C1BB3E87DD3}
		{676F177E-605F-4952-B440-8205F1AED7FE} = {A4A73F29-0ECB-47D1-BD50-B9EF320C70CD}
		{B64F1FE6-9411-42F1-8175-5E5FE3752DC4} = {A4A73F29-0ECB-47D1-BD50-B9EF320C70CD}
	EndGlobalSection
	GlobalSection(ExtensibilityGlobals) = postSolution
		SolutionGuid = {B9C1788C-307F-4F52-9D3C-5900B9698FED}
	EndGlobalSection
EndGlobal
